// !$*UTF8*$!
{
	archiveVersion = 1;
	classes = {
	};
	objectVersion = 46;
	objects = {

/* Begin PBXBuildFile section */
		D4027B431E1C22700098DC6E /* AppDelegate.swift in Sources */ = {isa = PBXBuildFile; fileRef = D4027B421E1C22700098DC6E /* AppDelegate.swift */; };
		D4027B451E1C22700098DC6E /* GameScene.sks in Resources */ = {isa = PBXBuildFile; fileRef = D4027B441E1C22700098DC6E /* GameScene.sks */; };
		D4027B471E1C22700098DC6E /* Actions.sks in Resources */ = {isa = PBXBuildFile; fileRef = D4027B461E1C22700098DC6E /* Actions.sks */; };
		D4027B491E1C22700098DC6E /* GameScene.swift in Sources */ = {isa = PBXBuildFile; fileRef = D4027B481E1C22700098DC6E /* GameScene.swift */; };
		D4027B4B1E1C22700098DC6E /* GameViewController.swift in Sources */ = {isa = PBXBuildFile; fileRef = D4027B4A1E1C22700098DC6E /* GameViewController.swift */; };
		D4027B4E1E1C22700098DC6E /* Main.storyboard in Resources */ = {isa = PBXBuildFile; fileRef = D4027B4C1E1C22700098DC6E /* Main.storyboard */; };
		D4027B501E1C22700098DC6E /* Assets.xcassets in Resources */ = {isa = PBXBuildFile; fileRef = D4027B4F1E1C22700098DC6E /* Assets.xcassets */; };
		D4027B531E1C22700098DC6E /* LaunchScreen.storyboard in Resources */ = {isa = PBXBuildFile; fileRef = D4027B511E1C22700098DC6E /* LaunchScreen.storyboard */; };
		D4027B5E1E1C32340098DC6E /* CreatePlayerGameScene.swift in Sources */ = {isa = PBXBuildFile; fileRef = D4027B5D1E1C32340098DC6E /* CreatePlayerGameScene.swift */; };
		D4027B611E1FC1810098DC6E /* AccelerometerGameScene.swift in Sources */ = {isa = PBXBuildFile; fileRef = D4027B601E1FC1810098DC6E /* AccelerometerGameScene.swift */; };
		D488C20E1E2E794A0072C08C /* Stars.sks in Resources */ = {isa = PBXBuildFile; fileRef = D488C20D1E2E794A0072C08C /* Stars.sks */; };
		D488C2101E2E7EE30072C08C /* Snow.sks in Resources */ = {isa = PBXBuildFile; fileRef = D488C20F1E2E7EE30072C08C /* Snow.sks */; };
		D4AF83BE1E26B0DA00655923 /* CreateObjectGameScene.swift in Sources */ = {isa = PBXBuildFile; fileRef = D4AF83BD1E26B0DA00655923 /* CreateObjectGameScene.swift */; };
		D4AF83C01E26B15400655923 /* MoveObstacleGameScene.swift in Sources */ = {isa = PBXBuildFile; fileRef = D4AF83BF1E26B15400655923 /* MoveObstacleGameScene.swift */; };
		D4AF83C31E29164F00655923 /* ContantGameScene.swift in Sources */ = {isa = PBXBuildFile; fileRef = D4AF83C21E29164F00655923 /* ContantGameScene.swift */; };
		D4F90E4A1E2E897000295F23 /* Collision.sks in Resources */ = {isa = PBXBuildFile; fileRef = D4F90E491E2E897000295F23 /* Collision.sks */; };
		D4F90E4C1E2EA77400295F23 /* CollisionPlayer.sks in Resources */ = {isa = PBXBuildFile; fileRef = D4F90E4B1E2EA77400295F23 /* CollisionPlayer.sks */; };
		D4F90E4E1E2EE20300295F23 /* RandomGameScene.swift in Sources */ = {isa = PBXBuildFile; fileRef = D4F90E4D1E2EE20300295F23 /* RandomGameScene.swift */; };
/* End PBXBuildFile section */

/* Begin PBXFileReference section */
		D4027B3F1E1C22700098DC6E /* CircleRun.app */ = {isa = PBXFileReference; explicitFileType = wrapper.application; includeInIndex = 0; path = CircleRun.app; sourceTree = BUILT_PRODUCTS_DIR; };
		D4027B421E1C22700098DC6E /* AppDelegate.swift */ = {isa = PBXFileReference; lastKnownFileType = sourcecode.swift; path = AppDelegate.swift; sourceTree = "<group>"; };
		D4027B441E1C22700098DC6E /* GameScene.sks */ = {isa = PBXFileReference; lastKnownFileType = file.sks; path = GameScene.sks; sourceTree = "<group>"; };
		D4027B461E1C22700098DC6E /* Actions.sks */ = {isa = PBXFileReference; lastKnownFileType = file.sks; path = Actions.sks; sourceTree = "<group>"; };
		D4027B481E1C22700098DC6E /* GameScene.swift */ = {isa = PBXFileReference; lastKnownFileType = sourcecode.swift; path = GameScene.swift; sourceTree = "<group>"; };
		D4027B4A1E1C22700098DC6E /* GameViewController.swift */ = {isa = PBXFileReference; lastKnownFileType = sourcecode.swift; path = GameViewController.swift; sourceTree = "<group>"; };
		D4027B4D1E1C22700098DC6E /* Base */ = {isa = PBXFileReference; lastKnownFileType = file.storyboard; name = Base; path = Base.lproj/Main.storyboard; sourceTree = "<group>"; };
		D4027B4F1E1C22700098DC6E /* Assets.xcassets */ = {isa = PBXFileReference; lastKnownFileType = folder.assetcatalog; path = Assets.xcassets; sourceTree = "<group>"; };
		D4027B521E1C22700098DC6E /* Base */ = {isa = PBXFileReference; lastKnownFileType = file.storyboard; name = Base; path = Base.lproj/LaunchScreen.storyboard; sourceTree = "<group>"; };
		D4027B541E1C22700098DC6E /* Info.plist */ = {isa = PBXFileReference; lastKnownFileType = text.plist.xml; path = Info.plist; sourceTree = "<group>"; };
		D4027B5D1E1C32340098DC6E /* CreatePlayerGameScene.swift */ = {isa = PBXFileReference; fileEncoding = 4; lastKnownFileType = sourcecode.swift; path = CreatePlayerGameScene.swift; sourceTree = "<group>"; };
		D4027B601E1FC1810098DC6E /* AccelerometerGameScene.swift */ = {isa = PBXFileReference; fileEncoding = 4; lastKnownFileType = sourcecode.swift; path = AccelerometerGameScene.swift; sourceTree = "<group>"; };
		D488C20D1E2E794A0072C08C /* Stars.sks */ = {isa = PBXFileReference; lastKnownFileType = file.sks; path = Stars.sks; sourceTree = "<group>"; };
		D488C20F1E2E7EE30072C08C /* Snow.sks */ = {isa = PBXFileReference; lastKnownFileType = file.sks; path = Snow.sks; sourceTree = "<group>"; };
		D4AF83BD1E26B0DA00655923 /* CreateObjectGameScene.swift */ = {isa = PBXFileReference; fileEncoding = 4; lastKnownFileType = sourcecode.swift; path = CreateObjectGameScene.swift; sourceTree = "<group>"; };
		D4AF83BF1E26B15400655923 /* MoveObstacleGameScene.swift */ = {isa = PBXFileReference; fileEncoding = 4; lastKnownFileType = sourcecode.swift; path = MoveObstacleGameScene.swift; sourceTree = "<group>"; };
		D4AF83C21E29164F00655923 /* ContantGameScene.swift */ = {isa = PBXFileReference; fileEncoding = 4; lastKnownFileType = sourcecode.swift; path = ContantGameScene.swift; sourceTree = "<group>"; };
		D4F90E491E2E897000295F23 /* Collision.sks */ = {isa = PBXFileReference; lastKnownFileType = file.sks; path = Collision.sks; sourceTree = "<group>"; };
		D4F90E4B1E2EA77400295F23 /* CollisionPlayer.sks */ = {isa = PBXFileReference; lastKnownFileType = file.sks; path = CollisionPlayer.sks; sourceTree = "<group>"; };
		D4F90E4D1E2EE20300295F23 /* RandomGameScene.swift */ = {isa = PBXFileReference; fileEncoding = 4; lastKnownFileType = sourcecode.swift; path = RandomGameScene.swift; sourceTree = "<group>"; };
/* End PBXFileReference section */

/* Begin PBXFrameworksBuildPhase section */
		D4027B3C1E1C226F0098DC6E /* Frameworks */ = {
			isa = PBXFrameworksBuildPhase;
			buildActionMask = 2147483647;
			files = (
			);
			runOnlyForDeploymentPostprocessing = 0;
		};
/* End PBXFrameworksBuildPhase section */

/* Begin PBXGroup section */
		D4027B361E1C226F0098DC6E = {
			isa = PBXGroup;
			children = (
				D4027B411E1C22700098DC6E /* CircleRun */,
				D4027B401E1C22700098DC6E /* Products */,
			);
			sourceTree = "<group>";
		};
		D4027B401E1C22700098DC6E /* Products */ = {
			isa = PBXGroup;
			children = (
				D4027B3F1E1C22700098DC6E /* CircleRun.app */,
			);
			name = Products;
			sourceTree = "<group>";
		};
		D4027B411E1C22700098DC6E /* CircleRun */ = {
			isa = PBXGroup;
			children = (
				D4027B421E1C22700098DC6E /* AppDelegate.swift */,
				D4027B4A1E1C22700098DC6E /* GameViewController.swift */,
				D4027B5A1E1C30E10098DC6E /* GameScene */,
				D4027B4C1E1C22700098DC6E /* Main.storyboard */,
				D4027B4F1E1C22700098DC6E /* Assets.xcassets */,
				D4027B511E1C22700098DC6E /* LaunchScreen.storyboard */,
				D4027B541E1C22700098DC6E /* Info.plist */,
			);
			path = CircleRun;
			sourceTree = "<group>";
		};
		D4027B5A1E1C30E10098DC6E /* GameScene */ = {
			isa = PBXGroup;
			children = (
				D4027B481E1C22700098DC6E /* GameScene.swift */,
				D4027B5B1E1C30F70098DC6E /* SKS */,
				D4027B5C1E1C31E40098DC6E /* Nodes */,
				D4027B5F1E1FC14D0098DC6E /* Actions */,
				D4AF83C11E29160000655923 /* Collisions */,
			);
			name = GameScene;
			sourceTree = "<group>";
		};
		D4027B5B1E1C30F70098DC6E /* SKS */ = {
			isa = PBXGroup;
			children = (
				D4027B441E1C22700098DC6E /* GameScene.sks */,
				D488C20D1E2E794A0072C08C /* Stars.sks */,
				D4027B461E1C22700098DC6E /* Actions.sks */,
				D488C20F1E2E7EE30072C08C /* Snow.sks */,
				D4F90E4B1E2EA77400295F23 /* CollisionPlayer.sks */,
				D4F90E491E2E897000295F23 /* Collision.sks */,
			);
			name = SKS;
			sourceTree = "<group>";
		};
		D4027B5C1E1C31E40098DC6E /* Nodes */ = {
			isa = PBXGroup;
			children = (
				D4027B5D1E1C32340098DC6E /* CreatePlayerGameScene.swift */,
				D4AF83BD1E26B0DA00655923 /* CreateObjectGameScene.swift */,
				D4F90E4D1E2EE20300295F23 /* RandomGameScene.swift */,
			);
			name = Nodes;
			sourceTree = "<group>";
		};
		D4027B5F1E1FC14D0098DC6E /* Actions */ = {
			isa = PBXGroup;
			children = (
				D4027B601E1FC1810098DC6E /* AccelerometerGameScene.swift */,
				D4AF83BF1E26B15400655923 /* MoveObstacleGameScene.swift */,
			);
			name = Actions;
			sourceTree = "<group>";
		};
		D4AF83C11E29160000655923 /* Collisions */ = {
			isa = PBXGroup;
			children = (
				D4AF83C21E29164F00655923 /* ContantGameScene.swift */,
			);
			name = Collisions;
			sourceTree = "<group>";
		};
/* End PBXGroup section */

/* Begin PBXNativeTarget section */
		D4027B3E1E1C226F0098DC6E /* CircleRun */ = {
			isa = PBXNativeTarget;
			buildConfigurationList = D4027B571E1C22700098DC6E /* Build configuration list for PBXNativeTarget "CircleRun" */;
			buildPhases = (
				D4027B3B1E1C226F0098DC6E /* Sources */,
				D4027B3C1E1C226F0098DC6E /* Frameworks */,
				D4027B3D1E1C226F0098DC6E /* Resources */,
			);
			buildRules = (
			);
			dependencies = (
			);
			name = CircleRun;
			productName = CircleRun;
			productReference = D4027B3F1E1C22700098DC6E /* CircleRun.app */;
			productType = "com.apple.product-type.application";
		};
/* End PBXNativeTarget section */

/* Begin PBXProject section */
		D4027B371E1C226F0098DC6E /* Project object */ = {
			isa = PBXProject;
			attributes = {
				LastSwiftUpdateCheck = 0810;
				LastUpgradeCheck = 0810;
				ORGANIZATIONNAME = VTR;
				TargetAttributes = {
					D4027B3E1E1C226F0098DC6E = {
						CreatedOnToolsVersion = 8.1;
						DevelopmentTeam = A975LQD622;
						ProvisioningStyle = Automatic;
					};
				};
			};
			buildConfigurationList = D4027B3A1E1C226F0098DC6E /* Build configuration list for PBXProject "CircleRun" */;
			compatibilityVersion = "Xcode 3.2";
			developmentRegion = English;
			hasScannedForEncodings = 0;
			knownRegions = (
				en,
				Base,
			);
			mainGroup = D4027B361E1C226F0098DC6E;
			productRefGroup = D4027B401E1C22700098DC6E /* Products */;
			projectDirPath = "";
			projectRoot = "";
			targets = (
				D4027B3E1E1C226F0098DC6E /* CircleRun */,
			);
		};
/* End PBXProject section */

/* Begin PBXResourcesBuildPhase section */
		D4027B3D1E1C226F0098DC6E /* Resources */ = {
			isa = PBXResourcesBuildPhase;
			buildActionMask = 2147483647;
			files = (
				D4F90E4A1E2E897000295F23 /* Collision.sks in Resources */,
				D4027B4E1E1C22700098DC6E /* Main.storyboard in Resources */,
				D4027B451E1C22700098DC6E /* GameScene.sks in Resources */,
				D4F90E4C1E2EA77400295F23 /* CollisionPlayer.sks in Resources */,
				D4027B501E1C22700098DC6E /* Assets.xcassets in Resources */,
				D4027B531E1C22700098DC6E /* LaunchScreen.storyboard in Resources */,
				D4027B471E1C22700098DC6E /* Actions.sks in Resources */,
				D488C2101E2E7EE30072C08C /* Snow.sks in Resources */,
				D488C20E1E2E794A0072C08C /* Stars.sks in Resources */,
			);
			runOnlyForDeploymentPostprocessing = 0;
		};
/* End PBXResourcesBuildPhase section */

/* Begin PBXSourcesBuildPhase section */
		D4027B3B1E1C226F0098DC6E /* Sources */ = {
			isa = PBXSourcesBuildPhase;
			buildActionMask = 2147483647;
			files = (
				D4AF83C31E29164F00655923 /* ContantGameScene.swift in Sources */,
				D4027B491E1C22700098DC6E /* GameScene.swift in Sources */,
				D4027B4B1E1C22700098DC6E /* GameViewController.swift in Sources */,
				D4027B611E1FC1810098DC6E /* AccelerometerGameScene.swift in Sources */,
				D4AF83BE1E26B0DA00655923 /* CreateObjectGameScene.swift in Sources */,
				D4F90E4E1E2EE20300295F23 /* RandomGameScene.swift in Sources */,
				D4027B431E1C22700098DC6E /* AppDelegate.swift in Sources */,
				D4027B5E1E1C32340098DC6E /* CreatePlayerGameScene.swift in Sources */,
				D4AF83C01E26B15400655923 /* MoveObstacleGameScene.swift in Sources */,
			);
			runOnlyForDeploymentPostprocessing = 0;
		};
/* End PBXSourcesBuildPhase section */

/* Begin PBXVariantGroup section */
		D4027B4C1E1C22700098DC6E /* Main.storyboard */ = {
			isa = PBXVariantGroup;
			children = (
				D4027B4D1E1C22700098DC6E /* Base */,
			);
			name = Main.storyboard;
			sourceTree = "<group>";
		};
		D4027B511E1C22700098DC6E /* LaunchScreen.storyboard */ = {
			isa = PBXVariantGroup;
			children = (
				D4027B521E1C22700098DC6E /* Base */,
			);
			name = LaunchScreen.storyboard;
			sourceTree = "<group>";
		};
/* End PBXVariantGroup section */

/* Begin XCBuildConfiguration section */
		D4027B551E1C22700098DC6E /* Debug */ = {
			isa = XCBuildConfiguration;
			buildSettings = {
				ALWAYS_SEARCH_USER_PATHS = NO;
				CLANG_ANALYZER_NONNULL = YES;
				CLANG_CXX_LANGUAGE_STANDARD = "gnu++0x";
				CLANG_CXX_LIBRARY = "libc++";
				CLANG_ENABLE_MODULES = YES;
				CLANG_ENABLE_OBJC_ARC = YES;
				CLANG_WARN_BOOL_CONVERSION = YES;
				CLANG_WARN_CONSTANT_CONVERSION = YES;
				CLANG_WARN_DIRECT_OBJC_ISA_USAGE = YES_ERROR;
				CLANG_WARN_DOCUMENTATION_COMMENTS = YES;
				CLANG_WARN_EMPTY_BODY = YES;
				CLANG_WARN_ENUM_CONVERSION = YES;
				CLANG_WARN_INFINITE_RECURSION = YES;
				CLANG_WARN_INT_CONVERSION = YES;
				CLANG_WARN_OBJC_ROOT_CLASS = YES_ERROR;
				CLANG_WARN_SUSPICIOUS_MOVES = YES;
				CLANG_WARN_UNREACHABLE_CODE = YES;
				CLANG_WARN__DUPLICATE_METHOD_MATCH = YES;
				"CODE_SIGN_IDENTITY[sdk=iphoneos*]" = "iPhone Developer";
				COPY_PHASE_STRIP = NO;
				DEBUG_INFORMATION_FORMAT = dwarf;
				ENABLE_STRICT_OBJC_MSGSEND = YES;
				ENABLE_TESTABILITY = YES;
				GCC_C_LANGUAGE_STANDARD = gnu99;
				GCC_DYNAMIC_NO_PIC = NO;
				GCC_NO_COMMON_BLOCKS = YES;
				GCC_OPTIMIZATION_LEVEL = 0;
				GCC_PREPROCESSOR_DEFINITIONS = (
					"DEBUG=1",
					"$(inherited)",
				);
				GCC_WARN_64_TO_32_BIT_CONVERSION = YES;
				GCC_WARN_ABOUT_RETURN_TYPE = YES_ERROR;
				GCC_WARN_UNDECLARED_SELECTOR = YES;
				GCC_WARN_UNINITIALIZED_AUTOS = YES_AGGRESSIVE;
				GCC_WARN_UNUSED_FUNCTION = YES;
				GCC_WARN_UNUSED_VARIABLE = YES;
				IPHONEOS_DEPLOYMENT_TARGET = 10.1;
				MTL_ENABLE_DEBUG_INFO = YES;
				ONLY_ACTIVE_ARCH = YES;
				SDKROOT = iphoneos;
				SWIFT_ACTIVE_COMPILATION_CONDITIONS = DEBUG;
				SWIFT_OPTIMIZATION_LEVEL = "-Onone";
				TARGETED_DEVICE_FAMILY = "1,2";
			};
			name = Debug;
		};
		D4027B561E1C22700098DC6E /* Release */ = {
			isa = XCBuildConfiguration;
			buildSettings = {
				ALWAYS_SEARCH_USER_PATHS = NO;
				CLANG_ANALYZER_NONNULL = YES;
				CLANG_CXX_LANGUAGE_STANDARD = "gnu++0x";
				CLANG_CXX_LIBRARY = "libc++";
				CLANG_ENABLE_MODULES = YES;
				CLANG_ENABLE_OBJC_ARC = YES;
				CLANG_WARN_BOOL_CONVERSION = YES;
				CLANG_WARN_CONSTANT_CONVERSION = YES;
				CLANG_WARN_DIRECT_OBJC_ISA_USAGE = YES_ERROR;
				CLANG_WARN_DOCUMENTATION_COMMENTS = YES;
				CLANG_WARN_EMPTY_BODY = YES;
				CLANG_WARN_ENUM_CONVERSION = YES;
				CLANG_WARN_INFINITE_RECURSION = YES;
				CLANG_WARN_INT_CONVERSION = YES;
				CLANG_WARN_OBJC_ROOT_CLASS = YES_ERROR;
				CLANG_WARN_SUSPICIOUS_MOVES = YES;
				CLANG_WARN_UNREACHABLE_CODE = YES;
				CLANG_WARN__DUPLICATE_METHOD_MATCH = YES;
				"CODE_SIGN_IDENTITY[sdk=iphoneos*]" = "iPhone Developer";
				COPY_PHASE_STRIP = NO;
				DEBUG_INFORMATION_FORMAT = "dwarf-with-dsym";
				ENABLE_NS_ASSERTIONS = NO;
				ENABLE_STRICT_OBJC_MSGSEND = YES;
				GCC_C_LANGUAGE_STANDARD = gnu99;
				GCC_NO_COMMON_BLOCKS = YES;
				GCC_WARN_64_TO_32_BIT_CONVERSION = YES;
				GCC_WARN_ABOUT_RETURN_TYPE = YES_ERROR;
				GCC_WARN_UNDECLARED_SELECTOR = YES;
				GCC_WARN_UNINITIALIZED_AUTOS = YES_AGGRESSIVE;
				GCC_WARN_UNUSED_FUNCTION = YES;
				GCC_WARN_UNUSED_VARIABLE = YES;
				IPHONEOS_DEPLOYMENT_TARGET = 10.1;
				MTL_ENABLE_DEBUG_INFO = NO;
				SDKROOT = iphoneos;
				SWIFT_OPTIMIZATION_LEVEL = "-Owholemodule";
				TARGETED_DEVICE_FAMILY = "1,2";
				VALIDATE_PRODUCT = YES;
			};
			name = Release;
		};
		D4027B581E1C22700098DC6E /* Debug */ = {
			isa = XCBuildConfiguration;
			buildSettings = {
				ASSETCATALOG_COMPILER_APPICON_NAME = AppIcon;
				DEVELOPMENT_TEAM = A975LQD622;
				INFOPLIST_FILE = CircleRun/Info.plist;
				LD_RUNPATH_SEARCH_PATHS = "$(inherited) @executable_path/Frameworks";
				PRODUCT_BUNDLE_IDENTIFIER = VTR.CircleRun;
				PRODUCT_NAME = "$(TARGET_NAME)";
				SWIFT_VERSION = 3.0;
			};
			name = Debug;
		};
		D4027B591E1C22700098DC6E /* Release */ = {
			isa = XCBuildConfiguration;
			buildSettings = {
				ASSETCATALOG_COMPILER_APPICON_NAME = AppIcon;
				DEVELOPMENT_TEAM = A975LQD622;
				INFOPLIST_FILE = CircleRun/Info.plist;
				LD_RUNPATH_SEARCH_PATHS = "$(inherited) @executable_path/Frameworks";
				PRODUCT_BUNDLE_IDENTIFIER = VTR.CircleRun;
				PRODUCT_NAME = "$(TARGET_NAME)";
				SWIFT_VERSION = 3.0;
			};
			name = Release;
		};
/* End XCBuildConfiguration section */

/* Begin XCConfigurationList section */
		D4027B3A1E1C226F0098DC6E /* Build configuration list for PBXProject "CircleRun" */ = {
			isa = XCConfigurationList;
			buildConfigurations = (
				D4027B551E1C22700098DC6E /* Debug */,
				D4027B561E1C22700098DC6E /* Release */,
			);
			defaultConfigurationIsVisible = 0;
			defaultConfigurationName = Release;
		};
		D4027B571E1C22700098DC6E /* Build configuration list for PBXNativeTarget "CircleRun" */ = {
			isa = XCConfigurationList;
			buildConfigurations = (
				D4027B581E1C22700098DC6E /* Debug */,
				D4027B591E1C22700098DC6E /* Release */,
			);
			defaultConfigurationIsVisible = 0;
			defaultConfigurationName = Release;
		};
/* End XCConfigurationList section */
	};
	rootObject = D4027B371E1C226F0098DC6E /* Project object */;
}
